// !$*UTF8*$!
{
	archiveVersion = 1;
	classes = {
	};
	objectVersion = 46;
	objects = {

/* Begin PBXBuildFile section */
		5C22261319483D830029B859 /* RTBaseActivityTableCell.m in Sources */ = {isa = PBXBuildFile; fileRef = 5C22261219483D830029B859 /* RTBaseActivityTableCell.m */; };
		5C222616194E857C0029B859 /* RTAddActivityViewController.m in Sources */ = {isa = PBXBuildFile; fileRef = 5C222615194E857C0029B859 /* RTAddActivityViewController.m */; };
		5C222619194E87AB0029B859 /* RTActivitiesViewController.m in Sources */ = {isa = PBXBuildFile; fileRef = 5C222618194E87AB0029B859 /* RTActivitiesViewController.m */; };
		5C22262319519D610029B859 /* RTDatePickerViewController.m in Sources */ = {isa = PBXBuildFile; fileRef = 5C22262219519D610029B859 /* RTDatePickerViewController.m */; };
		5C2226261952E04C0029B859 /* RTLocationViewController.m in Sources */ = {isa = PBXBuildFile; fileRef = 5C2226251952E04C0029B859 /* RTLocationViewController.m */; };
		5C22266C195966460029B859 /* RTLoopViewController.m in Sources */ = {isa = PBXBuildFile; fileRef = 5C22266B195966460029B859 /* RTLoopViewController.m */; };
		5C22266F19597EF30029B859 /* RTAddLoopViewController.m in Sources */ = {isa = PBXBuildFile; fileRef = 5C22266E19597EF30029B859 /* RTAddLoopViewController.m */; };
		5C222672195ACD850029B859 /* RTLoopDurationViewController.m in Sources */ = {isa = PBXBuildFile; fileRef = 5C222671195ACD850029B859 /* RTLoopDurationViewController.m */; };
		5C222675195BBBC30029B859 /* RTLoopDistanceViewController.m in Sources */ = {isa = PBXBuildFile; fileRef = 5C222674195BBBC30029B859 /* RTLoopDistanceViewController.m */; };
		5C222678195BC3D40029B859 /* RTLoopTypeViewController.m in Sources */ = {isa = PBXBuildFile; fileRef = 5C222677195BC3D40029B859 /* RTLoopTypeViewController.m */; };
		5C22267B195C17780029B859 /* RTFormater.m in Sources */ = {isa = PBXBuildFile; fileRef = 5C22267A195C17780029B859 /* RTFormater.m */; };
		5C22267E195D6C500029B859 /* RTLogViewController.m in Sources */ = {isa = PBXBuildFile; fileRef = 5C22267D195D6C500029B859 /* RTLogViewController.m */; };
		5CD89E371966837A008A3CE7 /* RTHeartRateViewController.m in Sources */ = {isa = PBXBuildFile; fileRef = 5CD89E361966837A008A3CE7 /* RTHeartRateViewController.m */; };
		A8189B9B1947C701004B311B /* Foundation.framework in Frameworks */ = {isa = PBXBuildFile; fileRef = A8189B9A1947C701004B311B /* Foundation.framework */; };
		A8189B9D1947C701004B311B /* CoreGraphics.framework in Frameworks */ = {isa = PBXBuildFile; fileRef = A8189B9C1947C701004B311B /* CoreGraphics.framework */; };
		A8189B9F1947C701004B311B /* UIKit.framework in Frameworks */ = {isa = PBXBuildFile; fileRef = A8189B9E1947C701004B311B /* UIKit.framework */; };
		A8189BA51947C701004B311B /* InfoPlist.strings in Resources */ = {isa = PBXBuildFile; fileRef = A8189BA31947C701004B311B /* InfoPlist.strings */; };
		A8189BA71947C701004B311B /* main.m in Sources */ = {isa = PBXBuildFile; fileRef = A8189BA61947C701004B311B /* main.m */; };
		A8189BAB1947C701004B311B /* RTAppDelegate.m in Sources */ = {isa = PBXBuildFile; fileRef = A8189BAA1947C701004B311B /* RTAppDelegate.m */; };
		A8189BAE1947C701004B311B /* Main.storyboard in Resources */ = {isa = PBXBuildFile; fileRef = A8189BAC1947C701004B311B /* Main.storyboard */; };
		A8189BB31947C701004B311B /* Images.xcassets in Resources */ = {isa = PBXBuildFile; fileRef = A8189BB21947C701004B311B /* Images.xcassets */; };
		A8189BBA1947C701004B311B /* XCTest.framework in Frameworks */ = {isa = PBXBuildFile; fileRef = A8189BB91947C701004B311B /* XCTest.framework */; };
		A8189BBB1947C701004B311B /* Foundation.framework in Frameworks */ = {isa = PBXBuildFile; fileRef = A8189B9A1947C701004B311B /* Foundation.framework */; };
		A8189BBC1947C701004B311B /* UIKit.framework in Frameworks */ = {isa = PBXBuildFile; fileRef = A8189B9E1947C701004B311B /* UIKit.framework */; };
		A8189BC41947C701004B311B /* InfoPlist.strings in Resources */ = {isa = PBXBuildFile; fileRef = A8189BC21947C701004B311B /* InfoPlist.strings */; };
		A8189BC61947C701004B311B /* RuntasticTests.m in Sources */ = {isa = PBXBuildFile; fileRef = A8189BC51947C701004B311B /* RuntasticTests.m */; };
		A8189BD11947C7DB004B311B /* main.xcdatamodeld in Sources */ = {isa = PBXBuildFile; fileRef = A8189BCF1947C7DB004B311B /* main.xcdatamodeld */; };
		A8189BD41949D0F8004B311B /* RTMainTableViewController.m in Sources */ = {isa = PBXBuildFile; fileRef = A8189BD31949D0F8004B311B /* RTMainTableViewController.m */; };
		A8189BDC19507FAA004B311B /* to-do-list in Resources */ = {isa = PBXBuildFile; fileRef = A8189BDB19507FAA004B311B /* to-do-list */; };
		A8189BDF1951D2B5004B311B /* RTDistanceViewController.m in Sources */ = {isa = PBXBuildFile; fileRef = A8189BDE1951D2B5004B311B /* RTDistanceViewController.m */; };
		A8189BE21952542B004B311B /* RTDurationViewController.m in Sources */ = {isa = PBXBuildFile; fileRef = A8189BE11952542B004B311B /* RTDurationViewController.m */; };
/* End PBXBuildFile section */

/* Begin PBXContainerItemProxy section */
		A8189BBD1947C701004B311B /* PBXContainerItemProxy */ = {
			isa = PBXContainerItemProxy;
			containerPortal = A8189B8F1947C701004B311B /* Project object */;
			proxyType = 1;
			remoteGlobalIDString = A8189B961947C701004B311B;
			remoteInfo = Runtastic;
		};
/* End PBXContainerItemProxy section */

/* Begin PBXFileReference section */
		5C22261119483D830029B859 /* RTBaseActivityTableCell.h */ = {isa = PBXFileReference; fileEncoding = 4; lastKnownFileType = sourcecode.c.h; path = RTBaseActivityTableCell.h; sourceTree = "<group>"; };
		5C22261219483D830029B859 /* RTBaseActivityTableCell.m */ = {isa = PBXFileReference; fileEncoding = 4; lastKnownFileType = sourcecode.c.objc; path = RTBaseActivityTableCell.m; sourceTree = "<group>"; };
		5C222614194E857C0029B859 /* RTAddActivityViewController.h */ = {isa = PBXFileReference; fileEncoding = 4; lastKnownFileType = sourcecode.c.h; path = RTAddActivityViewController.h; sourceTree = "<group>"; };
		5C222615194E857C0029B859 /* RTAddActivityViewController.m */ = {isa = PBXFileReference; fileEncoding = 4; lastKnownFileType = sourcecode.c.objc; path = RTAddActivityViewController.m; sourceTree = "<group>"; };
		5C222617194E87AB0029B859 /* RTActivitiesViewController.h */ = {isa = PBXFileReference; fileEncoding = 4; lastKnownFileType = sourcecode.c.h; path = RTActivitiesViewController.h; sourceTree = "<group>"; };
		5C222618194E87AB0029B859 /* RTActivitiesViewController.m */ = {isa = PBXFileReference; fileEncoding = 4; lastKnownFileType = sourcecode.c.objc; path = RTActivitiesViewController.m; sourceTree = "<group>"; };
		5C222620194FE9890029B859 /* RTAddActivityDelegate.h */ = {isa = PBXFileReference; lastKnownFileType = sourcecode.c.h; path = RTAddActivityDelegate.h; sourceTree = "<group>"; };
		5C22262119519D610029B859 /* RTDatePickerViewController.h */ = {isa = PBXFileReference; fileEncoding = 4; lastKnownFileType = sourcecode.c.h; path = RTDatePickerViewController.h; sourceTree = "<group>"; };
		5C22262219519D610029B859 /* RTDatePickerViewController.m */ = {isa = PBXFileReference; fileEncoding = 4; lastKnownFileType = sourcecode.c.objc; path = RTDatePickerViewController.m; sourceTree = "<group>"; };
		5C2226241952E04C0029B859 /* RTLocationViewController.h */ = {isa = PBXFileReference; fileEncoding = 4; lastKnownFileType = sourcecode.c.h; path = RTLocationViewController.h; sourceTree = "<group>"; };
		5C2226251952E04C0029B859 /* RTLocationViewController.m */ = {isa = PBXFileReference; fileEncoding = 4; lastKnownFileType = sourcecode.c.objc; path = RTLocationViewController.m; sourceTree = "<group>"; };
		5C22266A195966460029B859 /* RTLoopViewController.h */ = {isa = PBXFileReference; fileEncoding = 4; lastKnownFileType = sourcecode.c.h; path = RTLoopViewController.h; sourceTree = "<group>"; };
		5C22266B195966460029B859 /* RTLoopViewController.m */ = {isa = PBXFileReference; fileEncoding = 4; lastKnownFileType = sourcecode.c.objc; path = RTLoopViewController.m; sourceTree = "<group>"; };
		5C22266D19597EF30029B859 /* RTAddLoopViewController.h */ = {isa = PBXFileReference; fileEncoding = 4; lastKnownFileType = sourcecode.c.h; path = RTAddLoopViewController.h; sourceTree = "<group>"; };
		5C22266E19597EF30029B859 /* RTAddLoopViewController.m */ = {isa = PBXFileReference; fileEncoding = 4; lastKnownFileType = sourcecode.c.objc; path = RTAddLoopViewController.m; sourceTree = "<group>"; };
		5C222670195ACD850029B859 /* RTLoopDurationViewController.h */ = {isa = PBXFileReference; fileEncoding = 4; lastKnownFileType = sourcecode.c.h; path = RTLoopDurationViewController.h; sourceTree = "<group>"; };
		5C222671195ACD850029B859 /* RTLoopDurationViewController.m */ = {isa = PBXFileReference; fileEncoding = 4; lastKnownFileType = sourcecode.c.objc; path = RTLoopDurationViewController.m; sourceTree = "<group>"; };
		5C222673195BBBC30029B859 /* RTLoopDistanceViewController.h */ = {isa = PBXFileReference; fileEncoding = 4; lastKnownFileType = sourcecode.c.h; path = RTLoopDistanceViewController.h; sourceTree = "<group>"; };
		5C222674195BBBC30029B859 /* RTLoopDistanceViewController.m */ = {isa = PBXFileReference; fileEncoding = 4; lastKnownFileType = sourcecode.c.objc; path = RTLoopDistanceViewController.m; sourceTree = "<group>"; };
		5C222676195BC3D40029B859 /* RTLoopTypeViewController.h */ = {isa = PBXFileReference; fileEncoding = 4; lastKnownFileType = sourcecode.c.h; path = RTLoopTypeViewController.h; sourceTree = "<group>"; };
		5C222677195BC3D40029B859 /* RTLoopTypeViewController.m */ = {isa = PBXFileReference; fileEncoding = 4; lastKnownFileType = sourcecode.c.objc; path = RTLoopTypeViewController.m; sourceTree = "<group>"; };
		5C222679195C17780029B859 /* RTFormater.h */ = {isa = PBXFileReference; fileEncoding = 4; lastKnownFileType = sourcecode.c.h; path = RTFormater.h; sourceTree = "<group>"; };
		5C22267A195C17780029B859 /* RTFormater.m */ = {isa = PBXFileReference; fileEncoding = 4; lastKnownFileType = sourcecode.c.objc; path = RTFormater.m; sourceTree = "<group>"; };
		5C22267C195D6C500029B859 /* RTLogViewController.h */ = {isa = PBXFileReference; fileEncoding = 4; lastKnownFileType = sourcecode.c.h; path = RTLogViewController.h; sourceTree = "<group>"; };
		5C22267D195D6C500029B859 /* RTLogViewController.m */ = {isa = PBXFileReference; fileEncoding = 4; lastKnownFileType = sourcecode.c.objc; path = RTLogViewController.m; sourceTree = "<group>"; };
		5CD89E351966837A008A3CE7 /* RTHeartRateViewController.h */ = {isa = PBXFileReference; fileEncoding = 4; lastKnownFileType = sourcecode.c.h; path = RTHeartRateViewController.h; sourceTree = "<group>"; };
		5CD89E361966837A008A3CE7 /* RTHeartRateViewController.m */ = {isa = PBXFileReference; fileEncoding = 4; lastKnownFileType = sourcecode.c.objc; path = RTHeartRateViewController.m; sourceTree = "<group>"; };
		A8189B971947C701004B311B /* Runtastic.app */ = {isa = PBXFileReference; explicitFileType = wrapper.application; includeInIndex = 0; path = Runtastic.app; sourceTree = BUILT_PRODUCTS_DIR; };
		A8189B9A1947C701004B311B /* Foundation.framework */ = {isa = PBXFileReference; lastKnownFileType = wrapper.framework; name = Foundation.framework; path = System/Library/Frameworks/Foundation.framework; sourceTree = SDKROOT; };
		A8189B9C1947C701004B311B /* CoreGraphics.framework */ = {isa = PBXFileReference; lastKnownFileType = wrapper.framework; name = CoreGraphics.framework; path = System/Library/Frameworks/CoreGraphics.framework; sourceTree = SDKROOT; };
		A8189B9E1947C701004B311B /* UIKit.framework */ = {isa = PBXFileReference; lastKnownFileType = wrapper.framework; name = UIKit.framework; path = System/Library/Frameworks/UIKit.framework; sourceTree = SDKROOT; };
		A8189BA21947C701004B311B /* Runtastic-Info.plist */ = {isa = PBXFileReference; lastKnownFileType = text.plist.xml; path = "Runtastic-Info.plist"; sourceTree = "<group>"; };
		A8189BA41947C701004B311B /* en */ = {isa = PBXFileReference; lastKnownFileType = text.plist.strings; name = en; path = en.lproj/InfoPlist.strings; sourceTree = "<group>"; };
		A8189BA61947C701004B311B /* main.m */ = {isa = PBXFileReference; lastKnownFileType = sourcecode.c.objc; path = main.m; sourceTree = "<group>"; };
		A8189BA81947C701004B311B /* Runtastic-Prefix.pch */ = {isa = PBXFileReference; lastKnownFileType = sourcecode.c.h; path = "Runtastic-Prefix.pch"; sourceTree = "<group>"; };
		A8189BA91947C701004B311B /* RTAppDelegate.h */ = {isa = PBXFileReference; lastKnownFileType = sourcecode.c.h; path = RTAppDelegate.h; sourceTree = "<group>"; };
		A8189BAA1947C701004B311B /* RTAppDelegate.m */ = {isa = PBXFileReference; lastKnownFileType = sourcecode.c.objc; path = RTAppDelegate.m; sourceTree = "<group>"; };
		A8189BAD1947C701004B311B /* Base */ = {isa = PBXFileReference; lastKnownFileType = file.storyboard; name = Base; path = Base.lproj/Main.storyboard; sourceTree = "<group>"; };
		A8189BB21947C701004B311B /* Images.xcassets */ = {isa = PBXFileReference; lastKnownFileType = folder.assetcatalog; path = Images.xcassets; sourceTree = "<group>"; };
		A8189BB81947C701004B311B /* RuntasticTests.xctest */ = {isa = PBXFileReference; explicitFileType = wrapper.cfbundle; includeInIndex = 0; path = RuntasticTests.xctest; sourceTree = BUILT_PRODUCTS_DIR; };
		A8189BB91947C701004B311B /* XCTest.framework */ = {isa = PBXFileReference; lastKnownFileType = wrapper.framework; name = XCTest.framework; path = Library/Frameworks/XCTest.framework; sourceTree = DEVELOPER_DIR; };
		A8189BC11947C701004B311B /* RuntasticTests-Info.plist */ = {isa = PBXFileReference; lastKnownFileType = text.plist.xml; path = "RuntasticTests-Info.plist"; sourceTree = "<group>"; };
		A8189BC31947C701004B311B /* en */ = {isa = PBXFileReference; lastKnownFileType = text.plist.strings; name = en; path = en.lproj/InfoPlist.strings; sourceTree = "<group>"; };
		A8189BC51947C701004B311B /* RuntasticTests.m */ = {isa = PBXFileReference; lastKnownFileType = sourcecode.c.objc; path = RuntasticTests.m; sourceTree = "<group>"; };
		A8189BD01947C7DB004B311B /* main.xcdatamodel */ = {isa = PBXFileReference; lastKnownFileType = wrapper.xcdatamodel; path = main.xcdatamodel; sourceTree = "<group>"; };
		A8189BD21949D0F8004B311B /* RTMainTableViewController.h */ = {isa = PBXFileReference; fileEncoding = 4; lastKnownFileType = sourcecode.c.h; path = RTMainTableViewController.h; sourceTree = "<group>"; };
		A8189BD31949D0F8004B311B /* RTMainTableViewController.m */ = {isa = PBXFileReference; fileEncoding = 4; lastKnownFileType = sourcecode.c.objc; path = RTMainTableViewController.m; sourceTree = "<group>"; };
		A8189BDB19507FAA004B311B /* to-do-list */ = {isa = PBXFileReference; fileEncoding = 4; lastKnownFileType = text; path = "to-do-list"; sourceTree = "<group>"; };
		A8189BDD1951D2B5004B311B /* RTDistanceViewController.h */ = {isa = PBXFileReference; fileEncoding = 4; lastKnownFileType = sourcecode.c.h; path = RTDistanceViewController.h; sourceTree = "<group>"; };
		A8189BDE1951D2B5004B311B /* RTDistanceViewController.m */ = {isa = PBXFileReference; fileEncoding = 4; lastKnownFileType = sourcecode.c.objc; path = RTDistanceViewController.m; sourceTree = "<group>"; };
		A8189BE01952542B004B311B /* RTDurationViewController.h */ = {isa = PBXFileReference; fileEncoding = 4; lastKnownFileType = sourcecode.c.h; path = RTDurationViewController.h; sourceTree = "<group>"; };
		A8189BE11952542B004B311B /* RTDurationViewController.m */ = {isa = PBXFileReference; fileEncoding = 4; lastKnownFileType = sourcecode.c.objc; path = RTDurationViewController.m; sourceTree = "<group>"; };
/* End PBXFileReference section */

/* Begin PBXFrameworksBuildPhase section */
		A8189B941947C701004B311B /* Frameworks */ = {
			isa = PBXFrameworksBuildPhase;
			buildActionMask = 2147483647;
			files = (
				A8189B9D1947C701004B311B /* CoreGraphics.framework in Frameworks */,
				A8189B9F1947C701004B311B /* UIKit.framework in Frameworks */,
				A8189B9B1947C701004B311B /* Foundation.framework in Frameworks */,
			);
			runOnlyForDeploymentPostprocessing = 0;
		};
		A8189BB51947C701004B311B /* Frameworks */ = {
			isa = PBXFrameworksBuildPhase;
			buildActionMask = 2147483647;
			files = (
				A8189BBA1947C701004B311B /* XCTest.framework in Frameworks */,
				A8189BBC1947C701004B311B /* UIKit.framework in Frameworks */,
				A8189BBB1947C701004B311B /* Foundation.framework in Frameworks */,
			);
			runOnlyForDeploymentPostprocessing = 0;
		};
/* End PBXFrameworksBuildPhase section */

/* Begin PBXGroup section */
		A8189B8E1947C701004B311B = {
			isa = PBXGroup;
			children = (
				A8189BA01947C701004B311B /* Runtastic */,
				A8189BBF1947C701004B311B /* RuntasticTests */,
				A8189B991947C701004B311B /* Frameworks */,
				A8189B981947C701004B311B /* Products */,
			);
			sourceTree = "<group>";
		};
		A8189B981947C701004B311B /* Products */ = {
			isa = PBXGroup;
			children = (
				A8189B971947C701004B311B /* Runtastic.app */,
				A8189BB81947C701004B311B /* RuntasticTests.xctest */,
			);
			name = Products;
			sourceTree = "<group>";
		};
		A8189B991947C701004B311B /* Frameworks */ = {
			isa = PBXGroup;
			children = (
				A8189B9A1947C701004B311B /* Foundation.framework */,
				A8189B9C1947C701004B311B /* CoreGraphics.framework */,
				A8189B9E1947C701004B311B /* UIKit.framework */,
				A8189BB91947C701004B311B /* XCTest.framework */,
			);
			name = Frameworks;
			sourceTree = "<group>";
		};
		A8189BA01947C701004B311B /* Runtastic */ = {
			isa = PBXGroup;
			children = (
				5C22266D19597EF30029B859 /* RTAddLoopViewController.h */,
				5C22266E19597EF30029B859 /* RTAddLoopViewController.m */,
				5C22266A195966460029B859 /* RTLoopViewController.h */,
				5C22266B195966460029B859 /* RTLoopViewController.m */,
				5C22262119519D610029B859 /* RTDatePickerViewController.h */,
				5C22262219519D610029B859 /* RTDatePickerViewController.m */,
				A8189BD21949D0F8004B311B /* RTMainTableViewController.h */,
				A8189BD31949D0F8004B311B /* RTMainTableViewController.m */,
				A8189BCF1947C7DB004B311B /* main.xcdatamodeld */,
				5C222679195C17780029B859 /* RTFormater.h */,
				5C22267A195C17780029B859 /* RTFormater.m */,
				5C222670195ACD850029B859 /* RTLoopDurationViewController.h */,
				5C222671195ACD850029B859 /* RTLoopDurationViewController.m */,
				5C22267C195D6C500029B859 /* RTLogViewController.h */,
				5C22267D195D6C500029B859 /* RTLogViewController.m */,
				5C222673195BBBC30029B859 /* RTLoopDistanceViewController.h */,
				5C222674195BBBC30029B859 /* RTLoopDistanceViewController.m */,
				5C222676195BC3D40029B859 /* RTLoopTypeViewController.h */,
				5C222677195BC3D40029B859 /* RTLoopTypeViewController.m */,
				A8189BA91947C701004B311B /* RTAppDelegate.h */,
				A8189BAA1947C701004B311B /* RTAppDelegate.m */,
				A8189BAC1947C701004B311B /* Main.storyboard */,
				5CD89E351966837A008A3CE7 /* RTHeartRateViewController.h */,
				5CD89E361966837A008A3CE7 /* RTHeartRateViewController.m */,
				A8189BE01952542B004B311B /* RTDurationViewController.h */,
				A8189BE11952542B004B311B /* RTDurationViewController.m */,
				A8189BDD1951D2B5004B311B /* RTDistanceViewController.h */,
				A8189BDE1951D2B5004B311B /* RTDistanceViewController.m */,
				5C2226241952E04C0029B859 /* RTLocationViewController.h */,
				5C2226251952E04C0029B859 /* RTLocationViewController.m */,
				5C222620194FE9890029B859 /* RTAddActivityDelegate.h */,
				5C22261119483D830029B859 /* RTBaseActivityTableCell.h */,
				5C222614194E857C0029B859 /* RTAddActivityViewController.h */,
				5C222615194E857C0029B859 /* RTAddActivityViewController.m */,
				5C222617194E87AB0029B859 /* RTActivitiesViewController.h */,
				5C222618194E87AB0029B859 /* RTActivitiesViewController.m */,
				5C22261219483D830029B859 /* RTBaseActivityTableCell.m */,
				A8189BB21947C701004B311B /* Images.xcassets */,
				A8189BA11947C701004B311B /* Supporting Files */,
			);
			path = Runtastic;
			sourceTree = "<group>";
		};
		A8189BA11947C701004B311B /* Supporting Files */ = {
			isa = PBXGroup;
			children = (
				A8189BDB19507FAA004B311B /* to-do-list */,
				A8189BA21947C701004B311B /* Runtastic-Info.plist */,
				A8189BA31947C701004B311B /* InfoPlist.strings */,
				A8189BA61947C701004B311B /* main.m */,
				A8189BA81947C701004B311B /* Runtastic-Prefix.pch */,
			);
			name = "Supporting Files";
			sourceTree = "<group>";
		};
		A8189BBF1947C701004B311B /* RuntasticTests */ = {
			isa = PBXGroup;
			children = (
				A8189BC51947C701004B311B /* RuntasticTests.m */,
				A8189BC01947C701004B311B /* Supporting Files */,
			);
			path = RuntasticTests;
			sourceTree = "<group>";
		};
		A8189BC01947C701004B311B /* Supporting Files */ = {
			isa = PBXGroup;
			children = (
				A8189BC11947C701004B311B /* RuntasticTests-Info.plist */,
				A8189BC21947C701004B311B /* InfoPlist.strings */,
			);
			name = "Supporting Files";
			sourceTree = "<group>";
		};
/* End PBXGroup section */

/* Begin PBXNativeTarget section */
		A8189B961947C701004B311B /* Runtastic */ = {
			isa = PBXNativeTarget;
			buildConfigurationList = A8189BC91947C701004B311B /* Build configuration list for PBXNativeTarget "Runtastic" */;
			buildPhases = (
				A8189B931947C701004B311B /* Sources */,
				A8189B941947C701004B311B /* Frameworks */,
				A8189B951947C701004B311B /* Resources */,
			);
			buildRules = (
			);
			dependencies = (
			);
			name = Runtastic;
			productName = Runtastic;
			productReference = A8189B971947C701004B311B /* Runtastic.app */;
			productType = "com.apple.product-type.application";
		};
		A8189BB71947C701004B311B /* RuntasticTests */ = {
			isa = PBXNativeTarget;
			buildConfigurationList = A8189BCC1947C701004B311B /* Build configuration list for PBXNativeTarget "RuntasticTests" */;
			buildPhases = (
				A8189BB41947C701004B311B /* Sources */,
				A8189BB51947C701004B311B /* Frameworks */,
				A8189BB61947C701004B311B /* Resources */,
			);
			buildRules = (
			);
			dependencies = (
				A8189BBE1947C701004B311B /* PBXTargetDependency */,
			);
			name = RuntasticTests;
			productName = RuntasticTests;
			productReference = A8189BB81947C701004B311B /* RuntasticTests.xctest */;
			productType = "com.apple.product-type.bundle.unit-test";
		};
/* End PBXNativeTarget section */

/* Begin PBXProject section */
		A8189B8F1947C701004B311B /* Project object */ = {
			isa = PBXProject;
			attributes = {
				CLASSPREFIX = RT;
				LastUpgradeCheck = 0510;
				ORGANIZATIONNAME = PanKyle;
				TargetAttributes = {
					A8189BB71947C701004B311B = {
						TestTargetID = A8189B961947C701004B311B;
					};
				};
			};
			buildConfigurationList = A8189B921947C701004B311B /* Build configuration list for PBXProject "Runtastic" */;
			compatibilityVersion = "Xcode 3.2";
			developmentRegion = English;
			hasScannedForEncodings = 0;
			knownRegions = (
				en,
				Base,
			);
			mainGroup = A8189B8E1947C701004B311B;
			productRefGroup = A8189B981947C701004B311B /* Products */;
			projectDirPath = "";
			projectRoot = "";
			targets = (
				A8189B961947C701004B311B /* Runtastic */,
				A8189BB71947C701004B311B /* RuntasticTests */,
			);
		};
/* End PBXProject section */

/* Begin PBXResourcesBuildPhase section */
		A8189B951947C701004B311B /* Resources */ = {
			isa = PBXResourcesBuildPhase;
			buildActionMask = 2147483647;
			files = (
				A8189BB31947C701004B311B /* Images.xcassets in Resources */,
				A8189BA51947C701004B311B /* InfoPlist.strings in Resources */,
				A8189BDC19507FAA004B311B /* to-do-list in Resources */,
				A8189BAE1947C701004B311B /* Main.storyboard in Resources */,
			);
			runOnlyForDeploymentPostprocessing = 0;
		};
		A8189BB61947C701004B311B /* Resources */ = {
			isa = PBXResourcesBuildPhase;
			buildActionMask = 2147483647;
			files = (
				A8189BC41947C701004B311B /* InfoPlist.strings in Resources */,
			);
			runOnlyForDeploymentPostprocessing = 0;
		};
/* End PBXResourcesBuildPhase section */

/* Begin PBXSourcesBuildPhase section */
		A8189B931947C701004B311B /* Sources */ = {
			isa = PBXSourcesBuildPhase;
			buildActionMask = 2147483647;
			files = (
				5C22261319483D830029B859 /* RTBaseActivityTableCell.m in Sources */,
				5C22266F19597EF30029B859 /* RTAddLoopViewController.m in Sources */,
				5C222675195BBBC30029B859 /* RTLoopDistanceViewController.m in Sources */,
				5C22267B195C17780029B859 /* RTFormater.m in Sources */,
				5CD89E371966837A008A3CE7 /* RTHeartRateViewController.m in Sources */,
				5C222672195ACD850029B859 /* RTLoopDurationViewController.m in Sources */,
				A8189BD41949D0F8004B311B /* RTMainTableViewController.m in Sources */,
				A8189BDF1951D2B5004B311B /* RTDistanceViewController.m in Sources */,
				5C222678195BC3D40029B859 /* RTLoopTypeViewController.m in Sources */,
				A8189BAB1947C701004B311B /* RTAppDelegate.m in Sources */,
				5C222616194E857C0029B859 /* RTAddActivityViewController.m in Sources */,
				A8189BD11947C7DB004B311B /* main.xcdatamodeld in Sources */,
				A8189BA71947C701004B311B /* main.m in Sources */,
				A8189BE21952542B004B311B /* RTDurationViewController.m in Sources */,
				5C22266C195966460029B859 /* RTLoopViewController.m in Sources */,
				5C22262319519D610029B859 /* RTDatePickerViewController.m in Sources */,
				5C22267E195D6C500029B859 /* RTLogViewController.m in Sources */,
				5C222619194E87AB0029B859 /* RTActivitiesViewController.m in Sources */,
				5C2226261952E04C0029B859 /* RTLocationViewController.m in Sources */,
			);
			runOnlyForDeploymentPostprocessing = 0;
		};
		A8189BB41947C701004B311B /* Sources */ = {
			isa = PBXSourcesBuildPhase;
			buildActionMask = 2147483647;
			files = (
				A8189BC61947C701004B311B /* RuntasticTests.m in Sources */,
			);
			runOnlyForDeploymentPostprocessing = 0;
		};
/* End PBXSourcesBuildPhase section */

/* Begin PBXTargetDependency section */
		A8189BBE1947C701004B311B /* PBXTargetDependency */ = {
			isa = PBXTargetDependency;
			target = A8189B961947C701004B311B /* Runtastic */;
			targetProxy = A8189BBD1947C701004B311B /* PBXContainerItemProxy */;
		};
/* End PBXTargetDependency section */

/* Begin PBXVariantGroup section */
		A8189BA31947C701004B311B /* InfoPlist.strings */ = {
			isa = PBXVariantGroup;
			children = (
				A8189BA41947C701004B311B /* en */,
			);
			name = InfoPlist.strings;
			sourceTree = "<group>";
		};
		A8189BAC1947C701004B311B /* Main.storyboard */ = {
			isa = PBXVariantGroup;
			children = (
				A8189BAD1947C701004B311B /* Base */,
			);
			name = Main.storyboard;
			sourceTree = "<group>";
		};
		A8189BC21947C701004B311B /* InfoPlist.strings */ = {
			isa = PBXVariantGroup;
			children = (
				A8189BC31947C701004B311B /* en */,
			);
			name = InfoPlist.strings;
			sourceTree = "<group>";
		};
/* End PBXVariantGroup section */

/* Begin XCBuildConfiguration section */
		A8189BC71947C701004B311B /* Debug */ = {
			isa = XCBuildConfiguration;
			buildSettings = {
				ALWAYS_SEARCH_USER_PATHS = NO;
				CLANG_CXX_LANGUAGE_STANDARD = "gnu++0x";
				CLANG_CXX_LIBRARY = "libc++";
				CLANG_ENABLE_MODULES = YES;
				CLANG_ENABLE_OBJC_ARC = YES;
				CLANG_WARN_BOOL_CONVERSION = YES;
				CLANG_WARN_CONSTANT_CONVERSION = YES;
				CLANG_WARN_DIRECT_OBJC_ISA_USAGE = YES_ERROR;
				CLANG_WARN_EMPTY_BODY = YES;
				CLANG_WARN_ENUM_CONVERSION = YES;
				CLANG_WARN_INT_CONVERSION = YES;
				CLANG_WARN_OBJC_ROOT_CLASS = YES_ERROR;
				CLANG_WARN__DUPLICATE_METHOD_MATCH = YES;
				"CODE_SIGN_IDENTITY[sdk=iphoneos*]" = "iPhone Developer";
				COPY_PHASE_STRIP = NO;
				GCC_C_LANGUAGE_STANDARD = gnu99;
				GCC_DYNAMIC_NO_PIC = NO;
				GCC_OPTIMIZATION_LEVEL = 0;
				GCC_PREPROCESSOR_DEFINITIONS = (
					"DEBUG=1",
					"$(inherited)",
				);
				GCC_SYMBOLS_PRIVATE_EXTERN = NO;
				GCC_WARN_64_TO_32_BIT_CONVERSION = YES;
				GCC_WARN_ABOUT_RETURN_TYPE = YES_ERROR;
				GCC_WARN_UNDECLARED_SELECTOR = YES;
				GCC_WARN_UNINITIALIZED_AUTOS = YES_AGGRESSIVE;
				GCC_WARN_UNUSED_FUNCTION = YES;
				GCC_WARN_UNUSED_VARIABLE = YES;
				IPHONEOS_DEPLOYMENT_TARGET = 7.1;
				ONLY_ACTIVE_ARCH = YES;
				SDKROOT = iphoneos;
			};
			name = Debug;
		};
		A8189BC81947C701004B311B /* Release */ = {
			isa = XCBuildConfiguration;
			buildSettings = {
				ALWAYS_SEARCH_USER_PATHS = NO;
				CLANG_CXX_LANGUAGE_STANDARD = "gnu++0x";
				CLANG_CXX_LIBRARY = "libc++";
				CLANG_ENABLE_MODULES = YES;
				CLANG_ENABLE_OBJC_ARC = YES;
				CLANG_WARN_BOOL_CONVERSION = YES;
				CLANG_WARN_CONSTANT_CONVERSION = YES;
				CLANG_WARN_DIRECT_OBJC_ISA_USAGE = YES_ERROR;
				CLANG_WARN_EMPTY_BODY = YES;
				CLANG_WARN_ENUM_CONVERSION = YES;
				CLANG_WARN_INT_CONVERSION = YES;
				CLANG_WARN_OBJC_ROOT_CLASS = YES_ERROR;
				CLANG_WARN__DUPLICATE_METHOD_MATCH = YES;
				"CODE_SIGN_IDENTITY[sdk=iphoneos*]" = "iPhone Developer";
				COPY_PHASE_STRIP = YES;
				ENABLE_NS_ASSERTIONS = NO;
				GCC_C_LANGUAGE_STANDARD = gnu99;
				GCC_WARN_64_TO_32_BIT_CONVERSION = YES;
				GCC_WARN_ABOUT_RETURN_TYPE = YES_ERROR;
				GCC_WARN_UNDECLARED_SELECTOR = YES;
				GCC_WARN_UNINITIALIZED_AUTOS = YES_AGGRESSIVE;
				GCC_WARN_UNUSED_FUNCTION = YES;
				GCC_WARN_UNUSED_VARIABLE = YES;
				IPHONEOS_DEPLOYMENT_TARGET = 7.1;
				SDKROOT = iphoneos;
				VALIDATE_PRODUCT = YES;
			};
			name = Release;
		};
		A8189BCA1947C701004B311B /* Debug */ = {
			isa = XCBuildConfiguration;
			buildSettings = {
				ASSETCATALOG_COMPILER_APPICON_NAME = AppIcon;
				ASSETCATALOG_COMPILER_LAUNCHIMAGE_NAME = LaunchImage;
				GCC_PRECOMPILE_PREFIX_HEADER = YES;
				GCC_PREFIX_HEADER = "Runtastic/Runtastic-Prefix.pch";
				INFOPLIST_FILE = "Runtastic/Runtastic-Info.plist";
				PRODUCT_NAME = "$(TARGET_NAME)";
				WRAPPER_EXTENSION = app;
			};
			name = Debug;
		};
		A8189BCB1947C701004B311B /* Release */ = {
			isa = XCBuildConfiguration;
			buildSettings = {
				ASSETCATALOG_COMPILER_APPICON_NAME = AppIcon;
				ASSETCATALOG_COMPILER_LAUNCHIMAGE_NAME = LaunchImage;
				GCC_PRECOMPILE_PREFIX_HEADER = YES;
				GCC_PREFIX_HEADER = "Runtastic/Runtastic-Prefix.pch";
				INFOPLIST_FILE = "Runtastic/Runtastic-Info.plist";
				PRODUCT_NAME = "$(TARGET_NAME)";
				WRAPPER_EXTENSION = app;
			};
			name = Release;
		};
		A8189BCD1947C701004B311B /* Debug */ = {
			isa = XCBuildConfiguration;
			buildSettings = {
				BUNDLE_LOADER = "$(BUILT_PRODUCTS_DIR)/Runtastic.app/Runtastic";
				FRAMEWORK_SEARCH_PATHS = (
					"$(SDKROOT)/Developer/Library/Frameworks",
					"$(inherited)",
					"$(DEVELOPER_FRAMEWORKS_DIR)",
				);
				GCC_PRECOMPILE_PREFIX_HEADER = YES;
				GCC_PREFIX_HEADER = "Runtastic/Runtastic-Prefix.pch";
				GCC_PREPROCESSOR_DEFINITIONS = (
					"DEBUG=1",
					"$(inherited)",
				);
				INFOPLIST_FILE = "RuntasticTests/RuntasticTests-Info.plist";
				PRODUCT_NAME = "$(TARGET_NAME)";
				TEST_HOST = "$(BUNDLE_LOADER)";
				WRAPPER_EXTENSION = xctest;
			};
			name = Debug;
		};
		A8189BCE1947C701004B311B /* Release */ = {
			isa = XCBuildConfiguration;
			buildSettings = {
				BUNDLE_LOADER = "$(BUILT_PRODUCTS_DIR)/Runtastic.app/Runtastic";
				FRAMEWORK_SEARCH_PATHS = (
					"$(SDKROOT)/Developer/Library/Frameworks",
					"$(inherited)",
					"$(DEVELOPER_FRAMEWORKS_DIR)",
				);
				GCC_PRECOMPILE_PREFIX_HEADER = YES;
				GCC_PREFIX_HEADER = "Runtastic/Runtastic-Prefix.pch";
				INFOPLIST_FILE = "RuntasticTests/RuntasticTests-Info.plist";
				PRODUCT_NAME = "$(TARGET_NAME)";
				TEST_HOST = "$(BUNDLE_LOADER)";
				WRAPPER_EXTENSION = xctest;
			};
			name = Release;
		};
/* End XCBuildConfiguration section */

/* Begin XCConfigurationList section */
		A8189B921947C701004B311B /* Build configuration list for PBXProject "Runtastic" */ = {
			isa = XCConfigurationList;
			buildConfigurations = (
				A8189BC71947C701004B311B /* Debug */,
				A8189BC81947C701004B311B /* Release */,
			);
			defaultConfigurationIsVisible = 0;
			defaultConfigurationName = Release;
		};
		A8189BC91947C701004B311B /* Build configuration list for PBXNativeTarget "Runtastic" */ = {
			isa = XCConfigurationList;
			buildConfigurations = (
				A8189BCA1947C701004B311B /* Debug */,
				A8189BCB1947C701004B311B /* Release */,
			);
			defaultConfigurationIsVisible = 0;
			defaultConfigurationName = Release;
		};
		A8189BCC1947C701004B311B /* Build configuration list for PBXNativeTarget "RuntasticTests" */ = {
			isa = XCConfigurationList;
			buildConfigurations = (
				A8189BCD1947C701004B311B /* Debug */,
				A8189BCE1947C701004B311B /* Release */,
			);
			defaultConfigurationIsVisible = 0;
			defaultConfigurationName = Release;
		};
/* End XCConfigurationList section */

/* Begin XCVersionGroup section */
		A8189BCF1947C7DB004B311B /* main.xcdatamodeld */ = {
			isa = XCVersionGroup;
			children = (
				A8189BD01947C7DB004B311B /* main.xcdatamodel */,
			);
			currentVersion = A8189BD01947C7DB004B311B /* main.xcdatamodel */;
			path = main.xcdatamodeld;
			sourceTree = "<group>";
			versionGroupType = wrapper.xcdatamodel;
		};
/* End XCVersionGroup section */
	};
	rootObject = A8189B8F1947C701004B311B /* Project object */;
}
